
Microsoft Visual Studio Solution File, Format Version 12.00
# Visual Studio 14
VisualStudioVersion = 14.0.25420.1
MinimumVisualStudioVersion = 10.0.40219.1
Project("{2150E333-8FDC-42A3-9474-1A3956D46DE8}") = "Root", "Root", "{47C60247-1CC4-4591-A50C-B1046A16A5AD}"
	ProjectSection(SolutionItems) = preProject
		..\.gitignore = ..\.gitignore
		..\build.cake = ..\build.cake
		..\build.ps1 = ..\build.ps1
		..\build.sh = ..\build.sh
		..\GitVersion.yml = ..\GitVersion.yml
		..\LICENSE = ..\LICENSE
		..\tools\packages.config = ..\tools\packages.config
		..\README.md = ..\README.md
		..\release.cake = ..\release.cake
	EndProjectSection
EndProject
Project("{FAE04EC0-301F-11D3-BF4B-00C04F79EFBC}") = "AutoCake.Build", "AutoCake.Build\AutoCake.Build.csproj", "{9FF0EED6-122C-48F5-845D-192E232D7689}"
EndProject
Project("{FAE04EC0-301F-11D3-BF4B-00C04F79EFBC}") = "AutoCake.Release", "AutoCake.Release\AutoCake.Release.csproj", "{53982030-BEB1-4CA7-AEDE-8A6D678A2875}"
EndProject
Project("{FAE04EC0-301F-11D3-BF4B-00C04F79EFBC}") = "AutoCake.TaskAliases", "AutoCake.TaskAliases\AutoCake.TaskAliases.csproj", "{619261A8-9746-4D9C-B766-1A3B686B1422}"
EndProject
Global
	GlobalSection(SolutionConfigurationPlatforms) = preSolution
		Debug|Any CPU = Debug|Any CPU
		Release|Any CPU = Release|Any CPU
	EndGlobalSection
	GlobalSection(ProjectConfigurationPlatforms) = postSolution
		{9FF0EED6-122C-48F5-845D-192E232D7689}.Debug|Any CPU.ActiveCfg = Debug|Any CPU
		{9FF0EED6-122C-48F5-845D-192E232D7689}.Debug|Any CPU.Build.0 = Debug|Any CPU
		{9FF0EED6-122C-48F5-845D-192E232D7689}.Release|Any CPU.ActiveCfg = Release|Any CPU
		{9FF0EED6-122C-48F5-845D-192E232D7689}.Release|Any CPU.Build.0 = Release|Any CPU
		{53982030-BEB1-4CA7-AEDE-8A6D678A2875}.Debug|Any CPU.ActiveCfg = Debug|Any CPU
		{53982030-BEB1-4CA7-AEDE-8A6D678A2875}.Debug|Any CPU.Build.0 = Debug|Any CPU
		{53982030-BEB1-4CA7-AEDE-8A6D678A2875}.Release|Any CPU.ActiveCfg = Release|Any CPU
		{53982030-BEB1-4CA7-AEDE-8A6D678A2875}.Release|Any CPU.Build.0 = Release|Any CPU
		{619261A8-9746-4D9C-B766-1A3B686B1422}.Debug|Any CPU.ActiveCfg = Debug|Any CPU
		{619261A8-9746-4D9C-B766-1A3B686B1422}.Debug|Any CPU.Build.0 = Debug|Any CPU
		{619261A8-9746-4D9C-B766-1A3B686B1422}.Release|Any CPU.ActiveCfg = Release|Any CPU
		{619261A8-9746-4D9C-B766-1A3B686B1422}.Release|Any CPU.Build.0 = Release|Any CPU
	EndGlobalSection
	GlobalSection(SolutionProperties) = preSolution
		HideSolutionNode = FALSE
	EndGlobalSection
EndGlobal
